
Microsoft Visual Studio Solution File, Format Version 12.00
# Visual Studio Version 17
VisualStudioVersion = 17.0.31903.59
MinimumVisualStudioVersion = 10.0.40219.1
Project("{2150E333-8FDC-42A3-9474-1A3956D46DE8}") = "src", "src", "{780664BF-44C8-48EC-9A5C-93D46EFA484A}"
EndProject
Project("{FAE04EC0-301F-11D3-BF4B-00C04F79EFBC}") = "WasteControl.Core", "src\WasteControl.Core\WasteControl.Core.csproj", "{0CE051E0-2A41-45C8-B91B-DFDC7C2A2E4B}"
EndProject
Project("{FAE04EC0-301F-11D3-BF4B-00C04F79EFBC}") = "WasteControl.Infrastructure", "src\WasteControl.Infrastructure\WasteControl.Infrastructure.csproj", "{DDC20C7C-8823-40C0-84FA-829052A2AD44}"
EndProject
Global
	GlobalSection(SolutionConfigurationPlatforms) = preSolution
		Debug|Any CPU = Debug|Any CPU
		Release|Any CPU = Release|Any CPU
	EndGlobalSection
	GlobalSection(SolutionProperties) = preSolution
		HideSolutionNode = FALSE
	EndGlobalSection
	GlobalSection(ProjectConfigurationPlatforms) = postSolution
		{0CE051E0-2A41-45C8-B91B-DFDC7C2A2E4B}.Debug|Any CPU.ActiveCfg = Debug|Any CPU
		{0CE051E0-2A41-45C8-B91B-DFDC7C2A2E4B}.Debug|Any CPU.Build.0 = Debug|Any CPU
		{0CE051E0-2A41-45C8-B91B-DFDC7C2A2E4B}.Release|Any CPU.ActiveCfg = Release|Any CPU
		{0CE051E0-2A41-45C8-B91B-DFDC7C2A2E4B}.Release|Any CPU.Build.0 = Release|Any CPU
		{DDC20C7C-8823-40C0-84FA-829052A2AD44}.Debug|Any CPU.ActiveCfg = Debug|Any CPU
		{DDC20C7C-8823-40C0-84FA-829052A2AD44}.Debug|Any CPU.Build.0 = Debug|Any CPU
		{DDC20C7C-8823-40C0-84FA-829052A2AD44}.Release|Any CPU.ActiveCfg = Release|Any CPU
		{DDC20C7C-8823-40C0-84FA-829052A2AD44}.Release|Any CPU.Build.0 = Release|Any CPU
	EndGlobalSection
	GlobalSection(NestedProjects) = preSolution
		{0CE051E0-2A41-45C8-B91B-DFDC7C2A2E4B} = {780664BF-44C8-48EC-9A5C-93D46EFA484A}
		{DDC20C7C-8823-40C0-84FA-829052A2AD44} = {780664BF-44C8-48EC-9A5C-93D46EFA484A}
	EndGlobalSection
EndGlobal
